
Microsoft Visual Studio Solution File, Format Version 12.00
# Visual Studio Version 17
VisualStudioVersion = 17.3.32901.215
MinimumVisualStudioVersion = 10.0.40219.1
Project("{9A19103F-16F7-4668-BE54-9A1E7A4F7556}") = "BooksBuddyWeb", "BulkyBookWeb\BooksBuddyWeb.csproj", "{5F45EE83-0C9E-4C48-9BD4-5D09356CBE17}"
EndProject
Project("{9A19103F-16F7-4668-BE54-9A1E7A4F7556}") = "BooksBuddy.DataAccess", "BulkyBook.DataAccess\BooksBuddy.DataAccess.csproj", "{EFE721E7-63A6-4952-9555-8E17EF32BAF2}"
EndProject
Project("{9A19103F-16F7-4668-BE54-9A1E7A4F7556}") = "BooksBuddy.Models", "BulkyBook.Models\BooksBuddy.Models.csproj", "{16FDEDAC-3ED1-424B-838F-582D26E6A9D1}"
EndProject
Project("{9A19103F-16F7-4668-BE54-9A1E7A4F7556}") = "BooksBuddy.Utility", "BulkyBook.Utility\BooksBuddy.Utility.csproj", "{A9FCC82B-0248-4429-A8D5-5C7457882D8F}"
EndProject
Global
	GlobalSection(SolutionConfigurationPlatforms) = preSolution
		Debug|Any CPU = Debug|Any CPU
		Release|Any CPU = Release|Any CPU
	EndGlobalSection
	GlobalSection(ProjectConfigurationPlatforms) = postSolution
		{5F45EE83-0C9E-4C48-9BD4-5D09356CBE17}.Debug|Any CPU.ActiveCfg = Debug|Any CPU
		{5F45EE83-0C9E-4C48-9BD4-5D09356CBE17}.Debug|Any CPU.Build.0 = Debug|Any CPU
		{5F45EE83-0C9E-4C48-9BD4-5D09356CBE17}.Release|Any CPU.ActiveCfg = Release|Any CPU
		{5F45EE83-0C9E-4C48-9BD4-5D09356CBE17}.Release|Any CPU.Build.0 = Release|Any CPU
		{EFE721E7-63A6-4952-9555-8E17EF32BAF2}.Debug|Any CPU.ActiveCfg = Debug|Any CPU
		{EFE721E7-63A6-4952-9555-8E17EF32BAF2}.Debug|Any CPU.Build.0 = Debug|Any CPU
		{EFE721E7-63A6-4952-9555-8E17EF32BAF2}.Release|Any CPU.ActiveCfg = Release|Any CPU
		{EFE721E7-63A6-4952-9555-8E17EF32BAF2}.Release|Any CPU.Build.0 = Release|Any CPU
		{16FDEDAC-3ED1-424B-838F-582D26E6A9D1}.Debug|Any CPU.ActiveCfg = Debug|Any CPU
		{16FDEDAC-3ED1-424B-838F-582D26E6A9D1}.Debug|Any CPU.Build.0 = Debug|Any CPU
		{16FDEDAC-3ED1-424B-838F-582D26E6A9D1}.Release|Any CPU.ActiveCfg = Release|Any CPU
		{16FDEDAC-3ED1-424B-838F-582D26E6A9D1}.Release|Any CPU.Build.0 = Release|Any CPU
		{A9FCC82B-0248-4429-A8D5-5C7457882D8F}.Debug|Any CPU.ActiveCfg = Debug|Any CPU
		{A9FCC82B-0248-4429-A8D5-5C7457882D8F}.Debug|Any CPU.Build.0 = Debug|Any CPU
		{A9FCC82B-0248-4429-A8D5-5C7457882D8F}.Release|Any CPU.ActiveCfg = Release|Any CPU
		{A9FCC82B-0248-4429-A8D5-5C7457882D8F}.Release|Any CPU.Build.0 = Release|Any CPU
	EndGlobalSection
	GlobalSection(SolutionProperties) = preSolution
		HideSolutionNode = FALSE
	EndGlobalSection
	GlobalSection(ExtensibilityGlobals) = postSolution
		SolutionGuid = {2F50E1CB-C9BC-4ED7-84DD-3EA977C7F8C5}
	EndGlobalSection
EndGlobal
